
Microsoft Visual Studio Solution File, Format Version 11.00
# Visual Studio 2010
Project("{FAE04EC0-301F-11D3-BF4B-00C04F79EFBC}") = "NetworkClient", "NetworkClient\NetworkClient.csproj", "{EC6361E5-05C8-4EA0-8A90-8020FF003EA8}"
EndProject
Project("{FAE04EC0-301F-11D3-BF4B-00C04F79EFBC}") = "UnitTests", "UnitTests\UnitTests.csproj", "{FB8A80CB-7F21-44D9-89A8-C848F370C997}"
EndProject
Project("{2150E333-8FDC-42A3-9474-1A3956D46DE8}") = "Solution Items", "Solution Items", "{A130B1FE-E676-4F31-AAF5-C873F7B6C17D}"
	ProjectSection(SolutionItems) = preProject
		Local.testsettings = Local.testsettings
		TraceAndTestImpact.testsettings = TraceAndTestImpact.testsettings
		NetworkClient.vsmdi = NetworkClient.vsmdi
	EndProjectSection
EndProject
Global
	GlobalSection(TestCaseManagementSettings) = postSolution
		CategoryFile = NetworkClient.vsmdi
	EndGlobalSection
	GlobalSection(SolutionConfigurationPlatforms) = preSolution
		Debug|Any CPU = Debug|Any CPU
		Debug|Mixed Platforms = Debug|Mixed Platforms
		Debug|x86 = Debug|x86
		Release|Any CPU = Release|Any CPU
		Release|Mixed Platforms = Release|Mixed Platforms
		Release|x86 = Release|x86
	EndGlobalSection
	GlobalSection(ProjectConfigurationPlatforms) = postSolution
		{EC6361E5-05C8-4EA0-8A90-8020FF003EA8}.Debug|Any CPU.ActiveCfg = Debug|x86
		{EC6361E5-05C8-4EA0-8A90-8020FF003EA8}.Debug|Mixed Platforms.ActiveCfg = Debug|x86
		{EC6361E5-05C8-4EA0-8A90-8020FF003EA8}.Debug|Mixed Platforms.Build.0 = Debug|x86
		{EC6361E5-05C8-4EA0-8A90-8020FF003EA8}.Debug|x86.ActiveCfg = Debug|x86
		{EC6361E5-05C8-4EA0-8A90-8020FF003EA8}.Debug|x86.Build.0 = Debug|x86
		{EC6361E5-05C8-4EA0-8A90-8020FF003EA8}.Release|Any CPU.ActiveCfg = Release|x86
		{EC6361E5-05C8-4EA0-8A90-8020FF003EA8}.Release|Mixed Platforms.ActiveCfg = Release|x86
		{EC6361E5-05C8-4EA0-8A90-8020FF003EA8}.Release|Mixed Platforms.Build.0 = Release|x86
		{EC6361E5-05C8-4EA0-8A90-8020FF003EA8}.Release|x86.ActiveCfg = Release|x86
		{EC6361E5-05C8-4EA0-8A90-8020FF003EA8}.Release|x86.Build.0 = Release|x86
		{FB8A80CB-7F21-44D9-89A8-C848F370C997}.Debug|Any CPU.ActiveCfg = Debug|Any CPU
		{FB8A80CB-7F21-44D9-89A8-C848F370C997}.Debug|Any CPU.Build.0 = Debug|Any CPU
		{FB8A80CB-7F21-44D9-89A8-C848F370C997}.Debug|Mixed Platforms.ActiveCfg = Debug|Any CPU
		{FB8A80CB-7F21-44D9-89A8-C848F370C997}.Debug|Mixed Platforms.Build.0 = Debug|Any CPU
		{FB8A80CB-7F21-44D9-89A8-C848F370C997}.Debug|x86.ActiveCfg = Debug|Any CPU
		{FB8A80CB-7F21-44D9-89A8-C848F370C997}.Release|Any CPU.ActiveCfg = Release|Any CPU
		{FB8A80CB-7F21-44D9-89A8-C848F370C997}.Release|Any CPU.Build.0 = Release|Any CPU
		{FB8A80CB-7F21-44D9-89A8-C848F370C997}.Release|Mixed Platforms.ActiveCfg = Release|Any CPU
		{FB8A80CB-7F21-44D9-89A8-C848F370C997}.Release|Mixed Platforms.Build.0 = Release|Any CPU
		{FB8A80CB-7F21-44D9-89A8-C848F370C997}.Release|x86.ActiveCfg = Release|Any CPU
	EndGlobalSection
	GlobalSection(SolutionProperties) = preSolution
		HideSolutionNode = FALSE
	EndGlobalSection
EndGlobal
